
Microsoft Visual Studio Solution File, Format Version 12.00
# Visual Studio 14
VisualStudioVersion = 14.0.24720.0
MinimumVisualStudioVersion = 10.0.40219.1
Project("{2150E333-8FDC-42A3-9474-1A3956D46DE8}") = "src", "src", "{76E4DB16-FBFC-41BB-9AF7-68DA682B9C08}"
EndProject
Project("{2150E333-8FDC-42A3-9474-1A3956D46DE8}") = "test", "test", "{64C1627F-E0C0-4EF3-BF6B-9023D3A49693}"
EndProject
Project("{2150E333-8FDC-42A3-9474-1A3956D46DE8}") = "Solution Items", "Solution Items", "{937DF47E-D43F-40ED-A171-93024E50EF31}"
	ProjectSection(SolutionItems) = preProject
		.gitignore = .gitignore
		appveyor.yml = appveyor.yml
		EntityContextLibrary.sln.DotSettings = EntityContextLibrary.sln.DotSettings
		global.json = global.json
		LICENSE = LICENSE
		README.md = README.md
		run-project-versioning.ps1 = run-project-versioning.ps1
		run-tests.ps1 = run-tests.ps1
		Settings.StyleCop = Settings.StyleCop
	EndProjectSection
EndProject
Global
	GlobalSection(SolutionProperties) = preSolution
		HideSolutionNode = FALSE
	EndGlobalSection
EndGlobal
