
Microsoft Visual Studio Solution File, Format Version 12.00
# Visual Studio 14
VisualStudioVersion = 14.0.24720.0
MinimumVisualStudioVersion = 10.0.40219.1
Project("{2150E333-8FDC-42A3-9474-1A3956D46DE8}") = "src", "src", "{76E4DB16-FBFC-41BB-9AF7-68DA682B9C08}"
EndProject
Project("{2150E333-8FDC-42A3-9474-1A3956D46DE8}") = "test", "test", "{64C1627F-E0C0-4EF3-BF6B-9023D3A49693}"
EndProject
Project("{2150E333-8FDC-42A3-9474-1A3956D46DE8}") = "Solution Items", "Solution Items", "{937DF47E-D43F-40ED-A171-93024E50EF31}"
	ProjectSection(SolutionItems) = preProject
		.gitignore = .gitignore
		appveyor.yml = appveyor.yml
		EntityContextLibrary.sln.DotSettings = EntityContextLibrary.sln.DotSettings
		global.json = global.json
		LICENSE = LICENSE
		README.md = README.md
		run-project-versioning.ps1 = run-project-versioning.ps1
		run-tests.ps1 = run-tests.ps1
		Settings.StyleCop = Settings.StyleCop
	EndProjectSection
EndProject
Project("{8BB2217D-0F2D-49D1-97BC-3654ED321F3B}") = "EntityContextLibrary", "src\EntityContextLibrary\EntityContextLibrary.xproj", "{29157F48-20F1-4F51-AC79-707B023D55E0}"
EndProject
Project("{8BB2217D-0F2D-49D1-97BC-3654ED321F3B}") = "EntityContextLibrary.Tests", "test\EntityContextLibrary.Tests\EntityContextLibrary.Tests.xproj", "{F78B4B88-4E8F-4AE1-93A4-831A448D14E9}"
EndProject
Global
	GlobalSection(SolutionConfigurationPlatforms) = preSolution
		Debug|Any CPU = Debug|Any CPU
		Release|Any CPU = Release|Any CPU
	EndGlobalSection
	GlobalSection(ProjectConfigurationPlatforms) = postSolution
		{29157F48-20F1-4F51-AC79-707B023D55E0}.Debug|Any CPU.ActiveCfg = Debug|Any CPU
		{29157F48-20F1-4F51-AC79-707B023D55E0}.Debug|Any CPU.Build.0 = Debug|Any CPU
		{29157F48-20F1-4F51-AC79-707B023D55E0}.Release|Any CPU.ActiveCfg = Release|Any CPU
		{29157F48-20F1-4F51-AC79-707B023D55E0}.Release|Any CPU.Build.0 = Release|Any CPU
		{F78B4B88-4E8F-4AE1-93A4-831A448D14E9}.Debug|Any CPU.ActiveCfg = Debug|Any CPU
		{F78B4B88-4E8F-4AE1-93A4-831A448D14E9}.Debug|Any CPU.Build.0 = Debug|Any CPU
		{F78B4B88-4E8F-4AE1-93A4-831A448D14E9}.Release|Any CPU.ActiveCfg = Release|Any CPU
		{F78B4B88-4E8F-4AE1-93A4-831A448D14E9}.Release|Any CPU.Build.0 = Release|Any CPU
	EndGlobalSection
	GlobalSection(SolutionProperties) = preSolution
		HideSolutionNode = FALSE
	EndGlobalSection
	GlobalSection(NestedProjects) = preSolution
		{29157F48-20F1-4F51-AC79-707B023D55E0} = {76E4DB16-FBFC-41BB-9AF7-68DA682B9C08}
		{F78B4B88-4E8F-4AE1-93A4-831A448D14E9} = {64C1627F-E0C0-4EF3-BF6B-9023D3A49693}
	EndGlobalSection
EndGlobal
